// !$*UTF8*$!
{
	archiveVersion = 1;
	classes = {
	};
	objectVersion = 50;
	objects = {

/* Begin PBXBuildFile section */
		FD1E9AA124440AC400ED0B07 /* CanvasView.swift in Sources */ = {isa = PBXBuildFile; fileRef = FD1E9AA024440AC400ED0B07 /* CanvasView.swift */; };
		FDC900C6244348DC000FF012 /* AppDelegate.swift in Sources */ = {isa = PBXBuildFile; fileRef = FDC900C5244348DC000FF012 /* AppDelegate.swift */; };
		FDC900C8244348DC000FF012 /* SceneDelegate.swift in Sources */ = {isa = PBXBuildFile; fileRef = FDC900C7244348DC000FF012 /* SceneDelegate.swift */; };
		FDC900CA244348DC000FF012 /* ViewController.swift in Sources */ = {isa = PBXBuildFile; fileRef = FDC900C9244348DC000FF012 /* ViewController.swift */; };
		FDC900CD244348DC000FF012 /* Main.storyboard in Resources */ = {isa = PBXBuildFile; fileRef = FDC900CB244348DC000FF012 /* Main.storyboard */; };
		FDC900CF244348DD000FF012 /* Assets.xcassets in Resources */ = {isa = PBXBuildFile; fileRef = FDC900CE244348DD000FF012 /* Assets.xcassets */; };
		FDC900D2244348DD000FF012 /* LaunchScreen.storyboard in Resources */ = {isa = PBXBuildFile; fileRef = FDC900D0244348DD000FF012 /* LaunchScreen.storyboard */; };
		FDE490AF245282F700F87E22 /* Line.swift in Sources */ = {isa = PBXBuildFile; fileRef = FDE490AE245282F700F87E22 /* Line.swift */; };
/* End PBXBuildFile section */

/* Begin PBXFileReference section */
		FD1E9AA024440AC400ED0B07 /* CanvasView.swift */ = {isa = PBXFileReference; lastKnownFileType = sourcecode.swift; path = CanvasView.swift; sourceTree = "<group>"; };
		FDC900C2244348DC000FF012 /* freeland.app */ = {isa = PBXFileReference; explicitFileType = wrapper.application; includeInIndex = 0; path = freeland.app; sourceTree = BUILT_PRODUCTS_DIR; };
		FDC900C5244348DC000FF012 /* AppDelegate.swift */ = {isa = PBXFileReference; lastKnownFileType = sourcecode.swift; path = AppDelegate.swift; sourceTree = "<group>"; };
		FDC900C7244348DC000FF012 /* SceneDelegate.swift */ = {isa = PBXFileReference; lastKnownFileType = sourcecode.swift; path = SceneDelegate.swift; sourceTree = "<group>"; };
		FDC900C9244348DC000FF012 /* ViewController.swift */ = {isa = PBXFileReference; lastKnownFileType = sourcecode.swift; path = ViewController.swift; sourceTree = "<group>"; };
		FDC900CC244348DC000FF012 /* Base */ = {isa = PBXFileReference; lastKnownFileType = file.storyboard; name = Base; path = Base.lproj/Main.storyboard; sourceTree = "<group>"; };
		FDC900CE244348DD000FF012 /* Assets.xcassets */ = {isa = PBXFileReference; lastKnownFileType = folder.assetcatalog; path = Assets.xcassets; sourceTree = "<group>"; };
		FDC900D1244348DD000FF012 /* Base */ = {isa = PBXFileReference; lastKnownFileType = file.storyboard; name = Base; path = Base.lproj/LaunchScreen.storyboard; sourceTree = "<group>"; };
		FDC900D3244348DD000FF012 /* Info.plist */ = {isa = PBXFileReference; lastKnownFileType = text.plist.xml; path = Info.plist; sourceTree = "<group>"; };
		FDE490AE245282F700F87E22 /* Line.swift */ = {isa = PBXFileReference; lastKnownFileType = sourcecode.swift; path = Line.swift; sourceTree = "<group>"; };
/* End PBXFileReference section */

/* Begin PBXFrameworksBuildPhase section */
		FDC900BF244348DC000FF012 /* Frameworks */ = {
			isa = PBXFrameworksBuildPhase;
			buildActionMask = 2147483647;
			files = (
			);
			runOnlyForDeploymentPostprocessing = 0;
		};
/* End PBXFrameworksBuildPhase section */

/* Begin PBXGroup section */
		FD1E9A9F24440AA500ED0B07 /* View */ = {
			isa = PBXGroup;
			children = (
				FD1E9AA024440AC400ED0B07 /* CanvasView.swift */,
			);
			path = View;
			sourceTree = "<group>";
		};
		FD1E9AA224440B7600ED0B07 /* controller */ = {
			isa = PBXGroup;
			children = (
				FDC900C9244348DC000FF012 /* ViewController.swift */,
			);
			path = controller;
			sourceTree = "<group>";
		};
		FDC900B9244348DB000FF012 = {
			isa = PBXGroup;
			children = (
				FDC900C4244348DC000FF012 /* freeland */,
				FDC900C3244348DC000FF012 /* Products */,
			);
			sourceTree = "<group>";
		};
		FDC900C3244348DC000FF012 /* Products */ = {
			isa = PBXGroup;
			children = (
				FDC900C2244348DC000FF012 /* freeland.app */,
			);
			name = Products;
			sourceTree = "<group>";
		};
		FDC900C4244348DC000FF012 /* freeland */ = {
			isa = PBXGroup;
			children = (
				FDE490AD245282E200F87E22 /* Models */,
				FD1E9AA224440B7600ED0B07 /* controller */,
				FD1E9A9F24440AA500ED0B07 /* View */,
				FDC900C5244348DC000FF012 /* AppDelegate.swift */,
				FDC900C7244348DC000FF012 /* SceneDelegate.swift */,
				FDC900CB244348DC000FF012 /* Main.storyboard */,
				FDC900CE244348DD000FF012 /* Assets.xcassets */,
				FDC900D0244348DD000FF012 /* LaunchScreen.storyboard */,
				FDC900D3244348DD000FF012 /* Info.plist */,
			);
			path = freeland;
			sourceTree = "<group>";
		};
		FDE490AD245282E200F87E22 /* Models */ = {
			isa = PBXGroup;
			children = (
				FDE490AE245282F700F87E22 /* Line.swift */,
			);
			path = Models;
			sourceTree = "<group>";
		};
/* End PBXGroup section */

/* Begin PBXNativeTarget section */
		FDC900C1244348DC000FF012 /* freeland */ = {
			isa = PBXNativeTarget;
			buildConfigurationList = FDC900D6244348DD000FF012 /* Build configuration list for PBXNativeTarget "freeland" */;
			buildPhases = (
				FDC900BE244348DC000FF012 /* Sources */,
				FDC900BF244348DC000FF012 /* Frameworks */,
				FDC900C0244348DC000FF012 /* Resources */,
			);
			buildRules = (
			);
			dependencies = (
			);
			name = freeland;
			productName = freeland;
			productReference = FDC900C2244348DC000FF012 /* freeland.app */;
			productType = "com.apple.product-type.application";
		};
/* End PBXNativeTarget section */

/* Begin PBXProject section */
		FDC900BA244348DB000FF012 /* Project object */ = {
			isa = PBXProject;
			attributes = {
				LastSwiftUpdateCheck = 1130;
				LastUpgradeCheck = 1130;
				ORGANIZATIONNAME = VoMinhTuanIOS;
				TargetAttributes = {
					FDC900C1244348DC000FF012 = {
						CreatedOnToolsVersion = 11.3.1;
					};
				};
			};
			buildConfigurationList = FDC900BD244348DB000FF012 /* Build configuration list for PBXProject "freeland" */;
			compatibilityVersion = "Xcode 9.3";
			developmentRegion = en;
			hasScannedForEncodings = 0;
			knownRegions = (
				en,
				Base,
			);
			mainGroup = FDC900B9244348DB000FF012;
			productRefGroup = FDC900C3244348DC000FF012 /* Products */;
			projectDirPath = "";
			projectRoot = "";
			targets = (
				FDC900C1244348DC000FF012 /* freeland */,
			);
		};
/* End PBXProject section */

/* Begin PBXResourcesBuildPhase section */
		FDC900C0244348DC000FF012 /* Resources */ = {
			isa = PBXResourcesBuildPhase;
			buildActionMask = 2147483647;
			files = (
				FDC900D2244348DD000FF012 /* LaunchScreen.storyboard in Resources */,
				FDC900CF244348DD000FF012 /* Assets.xcassets in Resources */,
				FDC900CD244348DC000FF012 /* Main.storyboard in Resources */,
			);
			runOnlyForDeploymentPostprocessing = 0;
		};
/* End PBXResourcesBuildPhase section */

/* Begin PBXSourcesBuildPhase section */
		FDC900BE244348DC000FF012 /* Sources */ = {
			isa = PBXSourcesBuildPhase;
			buildActionMask = 2147483647;
			files = (
				FDC900CA244348DC000FF012 /* ViewController.swift in Sources */,
				FDC900C6244348DC000FF012 /* AppDelegate.swift in Sources */,
				FD1E9AA124440AC400ED0B07 /* CanvasView.swift in Sources */,
				FDC900C8244348DC000FF012 /* SceneDelegate.swift in Sources */,
				FDE490AF245282F700F87E22 /* Line.swift in Sources */,
			);
			runOnlyForDeploymentPostprocessing = 0;
		};
/* End PBXSourcesBuildPhase section */

/* Begin PBXVariantGroup section */
		FDC900CB244348DC000FF012 /* Main.storyboard */ = {
			isa = PBXVariantGroup;
			children = (
				FDC900CC244348DC000FF012 /* Base */,
			);
			name = Main.storyboard;
			sourceTree = "<group>";
		};
		FDC900D0244348DD000FF012 /* LaunchScreen.storyboard */ = {
			isa = PBXVariantGroup;
			children = (
				FDC900D1244348DD000FF012 /* Base */,
			);
			name = LaunchScreen.storyboard;
			sourceTree = "<group>";
		};
/* End PBXVariantGroup section */

/* Begin XCBuildConfiguration section */
		FDC900D4244348DD000FF012 /* Debug */ = {
			isa = XCBuildConfiguration;
			buildSettings = {
				ALWAYS_SEARCH_USER_PATHS = NO;
				CLANG_ANALYZER_NONNULL = YES;
				CLANG_ANALYZER_NUMBER_OBJECT_CONVERSION = YES_AGGRESSIVE;
				CLANG_CXX_LANGUAGE_STANDARD = "gnu++14";
				CLANG_CXX_LIBRARY = "libc++";
				CLANG_ENABLE_MODULES = YES;
				CLANG_ENABLE_OBJC_ARC = YES;
				CLANG_ENABLE_OBJC_WEAK = YES;
				CLANG_WARN_BLOCK_CAPTURE_AUTORELEASING = YES;
				CLANG_WARN_BOOL_CONVERSION = YES;
				CLANG_WARN_COMMA = YES;
				CLANG_WARN_CONSTANT_CONVERSION = YES;
				CLANG_WARN_DEPRECATED_OBJC_IMPLEMENTATIONS = YES;
				CLANG_WARN_DIRECT_OBJC_ISA_USAGE = YES_ERROR;
				CLANG_WARN_DOCUMENTATION_COMMENTS = YES;
				CLANG_WARN_EMPTY_BODY = YES;
				CLANG_WARN_ENUM_CONVERSION = YES;
				CLANG_WARN_INFINITE_RECURSION = YES;
				CLANG_WARN_INT_CONVERSION = YES;
				CLANG_WARN_NON_LITERAL_NULL_CONVERSION = YES;
				CLANG_WARN_OBJC_IMPLICIT_RETAIN_SELF = YES;
				CLANG_WARN_OBJC_LITERAL_CONVERSION = YES;
				CLANG_WARN_OBJC_ROOT_CLASS = YES_ERROR;
				CLANG_WARN_RANGE_LOOP_ANALYSIS = YES;
				CLANG_WARN_STRICT_PROTOTYPES = YES;
				CLANG_WARN_SUSPICIOUS_MOVE = YES;
				CLANG_WARN_UNGUARDED_AVAILABILITY = YES_AGGRESSIVE;
				CLANG_WARN_UNREACHABLE_CODE = YES;
				CLANG_WARN__DUPLICATE_METHOD_MATCH = YES;
				COPY_PHASE_STRIP = NO;
				DEBUG_INFORMATION_FORMAT = dwarf;
				ENABLE_STRICT_OBJC_MSGSEND = YES;
				ENABLE_TESTABILITY = YES;
				GCC_C_LANGUAGE_STANDARD = gnu11;
				GCC_DYNAMIC_NO_PIC = NO;
				GCC_NO_COMMON_BLOCKS = YES;
				GCC_OPTIMIZATION_LEVEL = 0;
				GCC_PREPROCESSOR_DEFINITIONS = (
					"DEBUG=1",
					"$(inherited)",
				);
				GCC_WARN_64_TO_32_BIT_CONVERSION = YES;
				GCC_WARN_ABOUT_RETURN_TYPE = YES_ERROR;
				GCC_WARN_UNDECLARED_SELECTOR = YES;
				GCC_WARN_UNINITIALIZED_AUTOS = YES_AGGRESSIVE;
				GCC_WARN_UNUSED_FUNCTION = YES;
				GCC_WARN_UNUSED_VARIABLE = YES;
				IPHONEOS_DEPLOYMENT_TARGET = 13.2;
				MTL_ENABLE_DEBUG_INFO = INCLUDE_SOURCE;
				MTL_FAST_MATH = YES;
				ONLY_ACTIVE_ARCH = YES;
				SDKROOT = iphoneos;
				SWIFT_ACTIVE_COMPILATION_CONDITIONS = DEBUG;
				SWIFT_OPTIMIZATION_LEVEL = "-Onone";
			};
			name = Debug;
		};
		FDC900D5244348DD000FF012 /* Release */ = {
			isa = XCBuildConfiguration;
			buildSettings = {
				ALWAYS_SEARCH_USER_PATHS = NO;
				CLANG_ANALYZER_NONNULL = YES;
				CLANG_ANALYZER_NUMBER_OBJECT_CONVERSION = YES_AGGRESSIVE;
				CLANG_CXX_LANGUAGE_STANDARD = "gnu++14";
				CLANG_CXX_LIBRARY = "libc++";
				CLANG_ENABLE_MODULES = YES;
				CLANG_ENABLE_OBJC_ARC = YES;
				CLANG_ENABLE_OBJC_WEAK = YES;
				CLANG_WARN_BLOCK_CAPTURE_AUTORELEASING = YES;
				CLANG_WARN_BOOL_CONVERSION = YES;
				CLANG_WARN_COMMA = YES;
				CLANG_WARN_CONSTANT_CONVERSION = YES;
				CLANG_WARN_DEPRECATED_OBJC_IMPLEMENTATIONS = YES;
				CLANG_WARN_DIRECT_OBJC_ISA_USAGE = YES_ERROR;
				CLANG_WARN_DOCUMENTATION_COMMENTS = YES;
				CLANG_WARN_EMPTY_BODY = YES;
				CLANG_WARN_ENUM_CONVERSION = YES;
				CLANG_WARN_INFINITE_RECURSION = YES;
				CLANG_WARN_INT_CONVERSION = YES;
				CLANG_WARN_NON_LITERAL_NULL_CONVERSION = YES;
				CLANG_WARN_OBJC_IMPLICIT_RETAIN_SELF = YES;
				CLANG_WARN_OBJC_LITERAL_CONVERSION = YES;
				CLANG_WARN_OBJC_ROOT_CLASS = YES_ERROR;
				CLANG_WARN_RANGE_LOOP_ANALYSIS = YES;
				CLANG_WARN_STRICT_PROTOTYPES = YES;
				CLANG_WARN_SUSPICIOUS_MOVE = YES;
				CLANG_WARN_UNGUARDED_AVAILABILITY = YES_AGGRESSIVE;
				CLANG_WARN_UNREACHABLE_CODE = YES;
				CLANG_WARN__DUPLICATE_METHOD_MATCH = YES;
				COPY_PHASE_STRIP = NO;
				DEBUG_INFORMATION_FORMAT = "dwarf-with-dsym";
				ENABLE_NS_ASSERTIONS = NO;
				ENABLE_STRICT_OBJC_MSGSEND = YES;
				GCC_C_LANGUAGE_STANDARD = gnu11;
				GCC_NO_COMMON_BLOCKS = YES;
				GCC_WARN_64_TO_32_BIT_CONVERSION = YES;
				GCC_WARN_ABOUT_RETURN_TYPE = YES_ERROR;
				GCC_WARN_UNDECLARED_SELECTOR = YES;
				GCC_WARN_UNINITIALIZED_AUTOS = YES_AGGRESSIVE;
				GCC_WARN_UNUSED_FUNCTION = YES;
				GCC_WARN_UNUSED_VARIABLE = YES;
				IPHONEOS_DEPLOYMENT_TARGET = 13.2;
				MTL_ENABLE_DEBUG_INFO = NO;
				MTL_FAST_MATH = YES;
				SDKROOT = iphoneos;
				SWIFT_COMPILATION_MODE = wholemodule;
				SWIFT_OPTIMIZATION_LEVEL = "-O";
				VALIDATE_PRODUCT = YES;
			};
			name = Release;
		};
		FDC900D7244348DD000FF012 /* Debug */ = {
			isa = XCBuildConfiguration;
			buildSettings = {
				ASSETCATALOG_COMPILER_APPICON_NAME = AppIcon;
				CODE_SIGN_STYLE = Automatic;
				DEVELOPMENT_TEAM = VN3S5J5DY2;
				INFOPLIST_FILE = freeland/Info.plist;
				IPHONEOS_DEPLOYMENT_TARGET = 12.0;
				LD_RUNPATH_SEARCH_PATHS = (
					"$(inherited)",
					"@executable_path/Frameworks",
				);
				PRODUCT_BUNDLE_IDENTIFIER = Demo.freeland;
				PRODUCT_NAME = "$(TARGET_NAME)";
				SWIFT_VERSION = 5.0;
				TARGETED_DEVICE_FAMILY = 1;
			};
			name = Debug;
		};
		FDC900D8244348DD000FF012 /* Release */ = {
			isa = XCBuildConfiguration;
			buildSettings = {
				ASSETCATALOG_COMPILER_APPICON_NAME = AppIcon;
				CODE_SIGN_STYLE = Automatic;
				DEVELOPMENT_TEAM = VN3S5J5DY2;
				INFOPLIST_FILE = freeland/Info.plist;
				IPHONEOS_DEPLOYMENT_TARGET = 12.0;
				LD_RUNPATH_SEARCH_PATHS = (
					"$(inherited)",
					"@executable_path/Frameworks",
				);
				PRODUCT_BUNDLE_IDENTIFIER = Demo.freeland;
				PRODUCT_NAME = "$(TARGET_NAME)";
				SWIFT_VERSION = 5.0;
				TARGETED_DEVICE_FAMILY = 1;
			};
			name = Release;
		};
/* End XCBuildConfiguration section */

/* Begin XCConfigurationList section */
		FDC900BD244348DB000FF012 /* Build configuration list for PBXProject "freeland" */ = {
			isa = XCConfigurationList;
			buildConfigurations = (
				FDC900D4244348DD000FF012 /* Debug */,
				FDC900D5244348DD000FF012 /* Release */,
			);
			defaultConfigurationIsVisible = 0;
			defaultConfigurationName = Release;
		};
		FDC900D6244348DD000FF012 /* Build configuration list for PBXNativeTarget "freeland" */ = {
			isa = XCConfigurationList;
			buildConfigurations = (
				FDC900D7244348DD000FF012 /* Debug */,
				FDC900D8244348DD000FF012 /* Release */,
			);
			defaultConfigurationIsVisible = 0;
			defaultConfigurationName = Release;
		};
/* End XCConfigurationList section */
	};
	rootObject = FDC900BA244348DB000FF012 /* Project object */;
}
